
Microsoft Visual Studio Solution File, Format Version 12.00
# Visual Studio 15
VisualStudioVersion = 15.0.28010.2048
MinimumVisualStudioVersion = 10.0.40219.1
Project("{FAE04EC0-301F-11D3-BF4B-00C04F79EFBC}") = "Chaos", "ChaosGame\Chaos.csproj", "{226348EC-2ED0-4FC8-8A15-AB02A3D46811}"
EndProject
Project("{FAE04EC0-301F-11D3-BF4B-00C04F79EFBC}") = "Pathfinding", "Pathfinding\Pathfinding.csproj", "{A630DA27-268B-46AC-B390-C5D81809AF6A}"
EndProject
Global
	GlobalSection(SolutionConfigurationPlatforms) = preSolution
		Debug|Any CPU = Debug|Any CPU
		Release|Any CPU = Release|Any CPU
	EndGlobalSection
	GlobalSection(ProjectConfigurationPlatforms) = postSolution
		{226348EC-2ED0-4FC8-8A15-AB02A3D46811}.Debug|Any CPU.ActiveCfg = Debug|Any CPU
		{226348EC-2ED0-4FC8-8A15-AB02A3D46811}.Debug|Any CPU.Build.0 = Debug|Any CPU
		{226348EC-2ED0-4FC8-8A15-AB02A3D46811}.Release|Any CPU.ActiveCfg = Release|Any CPU
		{226348EC-2ED0-4FC8-8A15-AB02A3D46811}.Release|Any CPU.Build.0 = Release|Any CPU
		{A630DA27-268B-46AC-B390-C5D81809AF6A}.Debug|Any CPU.ActiveCfg = Debug|Any CPU
		{A630DA27-268B-46AC-B390-C5D81809AF6A}.Debug|Any CPU.Build.0 = Debug|Any CPU
		{A630DA27-268B-46AC-B390-C5D81809AF6A}.Release|Any CPU.ActiveCfg = Release|Any CPU
		{A630DA27-268B-46AC-B390-C5D81809AF6A}.Release|Any CPU.Build.0 = Release|Any CPU
	EndGlobalSection
	GlobalSection(SolutionProperties) = preSolution
		HideSolutionNode = FALSE
	EndGlobalSection
	GlobalSection(ExtensibilityGlobals) = postSolution
		SolutionGuid = {6B7B62E3-9EB1-498C-B6DF-4DA989EC5C51}
	EndGlobalSection
EndGlobal
